
Microsoft Visual Studio Solution File, Format Version 12.00
# Visual Studio Version 16
VisualStudioVersion = 16.0.31624.102
MinimumVisualStudioVersion = 10.0.40219.1
Project("{2150E333-8FDC-42A3-9474-1A3956D46DE8}") = "Services", "Services", "{C1B0DB3D-5EBA-42BC-87BC-62FCA560C2F6}"
EndProject
Project("{2150E333-8FDC-42A3-9474-1A3956D46DE8}") = "Catalog", "Catalog", "{15BFA326-256C-4B06-9910-C0AA7ACF22F7}"
EndProject
Project("{9A19103F-16F7-4668-BE54-9A1E7A4F7556}") = "Catalog.API", "Services\Catalog\Catalog.API\Catalog.API.csproj", "{65AF485D-65CE-4606-89CC-427FD6B37DFB}"
EndProject
Project("{E53339B2-1760-4266-BCC7-CA923CBCF16C}") = "docker-compose", "docker-compose.dcproj", "{3DDAEDEF-B8A7-4690-9D51-EB54003BBA52}"
EndProject
Project("{2150E333-8FDC-42A3-9474-1A3956D46DE8}") = "Basket", "Basket", "{8256E001-BBA0-4138-B240-B88C77E41084}"
EndProject
Project("{9A19103F-16F7-4668-BE54-9A1E7A4F7556}") = "Basket.API", "Services\Basket\Basket.API\Basket.API.csproj", "{D57E0783-99DA-4196-83BD-3A67DD56478A}"
EndProject
Project("{2150E333-8FDC-42A3-9474-1A3956D46DE8}") = "Discount", "Discount", "{5DFAABE4-5520-4253-BC35-4FF094A5DB0F}"
EndProject
Project("{9A19103F-16F7-4668-BE54-9A1E7A4F7556}") = "Discount.API", "Services\Discount\Discount.API\Discount.API.csproj", "{82FF5374-69AC-4611-9F08-70C490F49A0A}"
EndProject
Project("{9A19103F-16F7-4668-BE54-9A1E7A4F7556}") = "Discount.Grpc", "Services\Discount\Discount.Grpc\Discount.Grpc.csproj", "{17BE1CD0-4A30-41C9-BDAD-0EAD9CEDB5D1}"
EndProject
Project("{2150E333-8FDC-42A3-9474-1A3956D46DE8}") = "Ordering", "Ordering", "{B5551D37-C932-45C9-B5AA-A3D2BB924AF6}"
EndProject
Project("{9A19103F-16F7-4668-BE54-9A1E7A4F7556}") = "Ordering.API", "Services\Ordering\Ordering.API\Ordering.API.csproj", "{F50D83B0-8656-4BE3-8346-DBC1A4EE288D}"
EndProject
Project("{9A19103F-16F7-4668-BE54-9A1E7A4F7556}") = "Ordering.Domain", "Services\Ordering\Ordering.Domain\Ordering.Domain.csproj", "{9FF3C902-A8E0-49FD-9A32-7208F972E38D}"
EndProject
Project("{9A19103F-16F7-4668-BE54-9A1E7A4F7556}") = "Ordering.Application", "Services\Ordering\Ordering.Application\Ordering.Application.csproj", "{A57A38E4-E08C-4CF2-B4CB-F36A782C52A8}"
EndProject
Project("{9A19103F-16F7-4668-BE54-9A1E7A4F7556}") = "Ordering.Infrastructure", "Services\Ordering\Ordering.Infrastructure\Ordering.Infrastructure.csproj", "{9B31FBE8-C3B6-4827-BD90-5FDB68E3CB62}"
EndProject
Project("{2150E333-8FDC-42A3-9474-1A3956D46DE8}") = "BuildingBlocks", "BuildingBlocks", "{2191EE90-F5B7-484B-9D88-933D16A9D4C0}"
EndProject
Project("{9A19103F-16F7-4668-BE54-9A1E7A4F7556}") = "EventBus.Messages", "BuildingBlocks\EventBus.Messages\EventBus.Messages.csproj", "{7A1023EC-6D9B-4B37-A856-9E88B219C6EF}"
EndProject
Project("{2150E333-8FDC-42A3-9474-1A3956D46DE8}") = "ApiGateways", "ApiGateways", "{4FFAD823-2F89-4F1F-81A1-072C2121347E}"
EndProject
Project("{9A19103F-16F7-4668-BE54-9A1E7A4F7556}") = "OcelotApiGw", "ApiGateways\OcelotApiGw\OcelotApiGw.csproj", "{FA1A5D02-15B1-407E-835C-C3AB43B75582}"
EndProject
Project("{9A19103F-16F7-4668-BE54-9A1E7A4F7556}") = "Shopping.Aggregator", "ApiGateways\Shopping.Aggregator\Shopping.Aggregator.csproj", "{485EDD6B-0577-473E-91D7-BDF7BD32E2BC}"
EndProject
Project("{2150E333-8FDC-42A3-9474-1A3956D46DE8}") = "Brand", "Brand", "{E363B3E3-EA71-4657-BD32-B23D12E7E97C}"
EndProject
Project("{FAE04EC0-301F-11D3-BF4B-00C04F79EFBC}") = "Brand.API", "Services\Brand\Brand.API\Brand.API.csproj", "{3C993A32-ABD4-43D1-9C20-E28AADAFE972}"
EndProject
Global
	GlobalSection(SolutionConfigurationPlatforms) = preSolution
		Debug|Any CPU = Debug|Any CPU
		Release|Any CPU = Release|Any CPU
	EndGlobalSection
	GlobalSection(ProjectConfigurationPlatforms) = postSolution
		{65AF485D-65CE-4606-89CC-427FD6B37DFB}.Debug|Any CPU.ActiveCfg = Debug|Any CPU
		{65AF485D-65CE-4606-89CC-427FD6B37DFB}.Debug|Any CPU.Build.0 = Debug|Any CPU
		{65AF485D-65CE-4606-89CC-427FD6B37DFB}.Release|Any CPU.ActiveCfg = Release|Any CPU
		{65AF485D-65CE-4606-89CC-427FD6B37DFB}.Release|Any CPU.Build.0 = Release|Any CPU
		{3DDAEDEF-B8A7-4690-9D51-EB54003BBA52}.Debug|Any CPU.ActiveCfg = Debug|Any CPU
		{3DDAEDEF-B8A7-4690-9D51-EB54003BBA52}.Debug|Any CPU.Build.0 = Debug|Any CPU
		{3DDAEDEF-B8A7-4690-9D51-EB54003BBA52}.Release|Any CPU.ActiveCfg = Release|Any CPU
		{3DDAEDEF-B8A7-4690-9D51-EB54003BBA52}.Release|Any CPU.Build.0 = Release|Any CPU
		{D57E0783-99DA-4196-83BD-3A67DD56478A}.Debug|Any CPU.ActiveCfg = Debug|Any CPU
		{D57E0783-99DA-4196-83BD-3A67DD56478A}.Debug|Any CPU.Build.0 = Debug|Any CPU
		{D57E0783-99DA-4196-83BD-3A67DD56478A}.Release|Any CPU.ActiveCfg = Release|Any CPU
		{D57E0783-99DA-4196-83BD-3A67DD56478A}.Release|Any CPU.Build.0 = Release|Any CPU
		{82FF5374-69AC-4611-9F08-70C490F49A0A}.Debug|Any CPU.ActiveCfg = Debug|Any CPU
		{82FF5374-69AC-4611-9F08-70C490F49A0A}.Debug|Any CPU.Build.0 = Debug|Any CPU
		{82FF5374-69AC-4611-9F08-70C490F49A0A}.Release|Any CPU.ActiveCfg = Release|Any CPU
		{82FF5374-69AC-4611-9F08-70C490F49A0A}.Release|Any CPU.Build.0 = Release|Any CPU
		{17BE1CD0-4A30-41C9-BDAD-0EAD9CEDB5D1}.Debug|Any CPU.ActiveCfg = Debug|Any CPU
		{17BE1CD0-4A30-41C9-BDAD-0EAD9CEDB5D1}.Debug|Any CPU.Build.0 = Debug|Any CPU
		{17BE1CD0-4A30-41C9-BDAD-0EAD9CEDB5D1}.Release|Any CPU.ActiveCfg = Release|Any CPU
		{17BE1CD0-4A30-41C9-BDAD-0EAD9CEDB5D1}.Release|Any CPU.Build.0 = Release|Any CPU
		{F50D83B0-8656-4BE3-8346-DBC1A4EE288D}.Debug|Any CPU.ActiveCfg = Debug|Any CPU
		{F50D83B0-8656-4BE3-8346-DBC1A4EE288D}.Debug|Any CPU.Build.0 = Debug|Any CPU
		{F50D83B0-8656-4BE3-8346-DBC1A4EE288D}.Release|Any CPU.ActiveCfg = Release|Any CPU
		{F50D83B0-8656-4BE3-8346-DBC1A4EE288D}.Release|Any CPU.Build.0 = Release|Any CPU
		{9FF3C902-A8E0-49FD-9A32-7208F972E38D}.Debug|Any CPU.ActiveCfg = Debug|Any CPU
		{9FF3C902-A8E0-49FD-9A32-7208F972E38D}.Debug|Any CPU.Build.0 = Debug|Any CPU
		{9FF3C902-A8E0-49FD-9A32-7208F972E38D}.Release|Any CPU.ActiveCfg = Release|Any CPU
		{9FF3C902-A8E0-49FD-9A32-7208F972E38D}.Release|Any CPU.Build.0 = Release|Any CPU
		{A57A38E4-E08C-4CF2-B4CB-F36A782C52A8}.Debug|Any CPU.ActiveCfg = Debug|Any CPU
		{A57A38E4-E08C-4CF2-B4CB-F36A782C52A8}.Debug|Any CPU.Build.0 = Debug|Any CPU
		{A57A38E4-E08C-4CF2-B4CB-F36A782C52A8}.Release|Any CPU.ActiveCfg = Release|Any CPU
		{A57A38E4-E08C-4CF2-B4CB-F36A782C52A8}.Release|Any CPU.Build.0 = Release|Any CPU
		{9B31FBE8-C3B6-4827-BD90-5FDB68E3CB62}.Debug|Any CPU.ActiveCfg = Debug|Any CPU
		{9B31FBE8-C3B6-4827-BD90-5FDB68E3CB62}.Debug|Any CPU.Build.0 = Debug|Any CPU
		{9B31FBE8-C3B6-4827-BD90-5FDB68E3CB62}.Release|Any CPU.ActiveCfg = Release|Any CPU
		{9B31FBE8-C3B6-4827-BD90-5FDB68E3CB62}.Release|Any CPU.Build.0 = Release|Any CPU
		{7A1023EC-6D9B-4B37-A856-9E88B219C6EF}.Debug|Any CPU.ActiveCfg = Debug|Any CPU
		{7A1023EC-6D9B-4B37-A856-9E88B219C6EF}.Debug|Any CPU.Build.0 = Debug|Any CPU
		{7A1023EC-6D9B-4B37-A856-9E88B219C6EF}.Release|Any CPU.ActiveCfg = Release|Any CPU
		{7A1023EC-6D9B-4B37-A856-9E88B219C6EF}.Release|Any CPU.Build.0 = Release|Any CPU
		{FA1A5D02-15B1-407E-835C-C3AB43B75582}.Debug|Any CPU.ActiveCfg = Debug|Any CPU
		{FA1A5D02-15B1-407E-835C-C3AB43B75582}.Debug|Any CPU.Build.0 = Debug|Any CPU
		{FA1A5D02-15B1-407E-835C-C3AB43B75582}.Release|Any CPU.ActiveCfg = Release|Any CPU
		{FA1A5D02-15B1-407E-835C-C3AB43B75582}.Release|Any CPU.Build.0 = Release|Any CPU
		{485EDD6B-0577-473E-91D7-BDF7BD32E2BC}.Debug|Any CPU.ActiveCfg = Debug|Any CPU
		{485EDD6B-0577-473E-91D7-BDF7BD32E2BC}.Debug|Any CPU.Build.0 = Debug|Any CPU
		{485EDD6B-0577-473E-91D7-BDF7BD32E2BC}.Release|Any CPU.ActiveCfg = Release|Any CPU
		{485EDD6B-0577-473E-91D7-BDF7BD32E2BC}.Release|Any CPU.Build.0 = Release|Any CPU
		{3C993A32-ABD4-43D1-9C20-E28AADAFE972}.Debug|Any CPU.ActiveCfg = Debug|Any CPU
		{3C993A32-ABD4-43D1-9C20-E28AADAFE972}.Debug|Any CPU.Build.0 = Debug|Any CPU
		{3C993A32-ABD4-43D1-9C20-E28AADAFE972}.Release|Any CPU.ActiveCfg = Release|Any CPU
		{3C993A32-ABD4-43D1-9C20-E28AADAFE972}.Release|Any CPU.Build.0 = Release|Any CPU
	EndGlobalSection
	GlobalSection(SolutionProperties) = preSolution
		HideSolutionNode = FALSE
	EndGlobalSection
	GlobalSection(NestedProjects) = preSolution
		{15BFA326-256C-4B06-9910-C0AA7ACF22F7} = {C1B0DB3D-5EBA-42BC-87BC-62FCA560C2F6}
		{65AF485D-65CE-4606-89CC-427FD6B37DFB} = {15BFA326-256C-4B06-9910-C0AA7ACF22F7}
		{8256E001-BBA0-4138-B240-B88C77E41084} = {C1B0DB3D-5EBA-42BC-87BC-62FCA560C2F6}
		{D57E0783-99DA-4196-83BD-3A67DD56478A} = {8256E001-BBA0-4138-B240-B88C77E41084}
		{5DFAABE4-5520-4253-BC35-4FF094A5DB0F} = {C1B0DB3D-5EBA-42BC-87BC-62FCA560C2F6}
		{82FF5374-69AC-4611-9F08-70C490F49A0A} = {5DFAABE4-5520-4253-BC35-4FF094A5DB0F}
		{17BE1CD0-4A30-41C9-BDAD-0EAD9CEDB5D1} = {5DFAABE4-5520-4253-BC35-4FF094A5DB0F}
		{B5551D37-C932-45C9-B5AA-A3D2BB924AF6} = {C1B0DB3D-5EBA-42BC-87BC-62FCA560C2F6}
		{F50D83B0-8656-4BE3-8346-DBC1A4EE288D} = {B5551D37-C932-45C9-B5AA-A3D2BB924AF6}
		{9FF3C902-A8E0-49FD-9A32-7208F972E38D} = {B5551D37-C932-45C9-B5AA-A3D2BB924AF6}
		{A57A38E4-E08C-4CF2-B4CB-F36A782C52A8} = {B5551D37-C932-45C9-B5AA-A3D2BB924AF6}
		{9B31FBE8-C3B6-4827-BD90-5FDB68E3CB62} = {B5551D37-C932-45C9-B5AA-A3D2BB924AF6}
		{7A1023EC-6D9B-4B37-A856-9E88B219C6EF} = {2191EE90-F5B7-484B-9D88-933D16A9D4C0}
		{FA1A5D02-15B1-407E-835C-C3AB43B75582} = {4FFAD823-2F89-4F1F-81A1-072C2121347E}
		{485EDD6B-0577-473E-91D7-BDF7BD32E2BC} = {4FFAD823-2F89-4F1F-81A1-072C2121347E}
		{E363B3E3-EA71-4657-BD32-B23D12E7E97C} = {C1B0DB3D-5EBA-42BC-87BC-62FCA560C2F6}
		{3C993A32-ABD4-43D1-9C20-E28AADAFE972} = {E363B3E3-EA71-4657-BD32-B23D12E7E97C}
	EndGlobalSection
	GlobalSection(ExtensibilityGlobals) = postSolution
		SolutionGuid = {A3B57A05-8454-43FE-8998-3FB3421E0307}
	EndGlobalSection
EndGlobal
